Microsoft Visual Studio Solution File, Format Version 10.00
# Visual Studio 2008
Project("{8BC9CEB8-8B4A-11D0-8D11-00A0C91BC942}") = "Model", "Model.vcproj", "{A9457B47-5668-4125-A144-687AB1DF96C4}"
EndProject
Project("{FAE04EC0-301F-11D3-BF4B-00C04F79EFBC}") = "CommonCode", "CommonCode\CommonCode.csproj", "{83734CAC-A09B-4167-815B-A3A70AAE53AE}"
EndProject
Project("{FAE04EC0-301F-11D3-BF4B-00C04F79EFBC}") = "TRIM in Outlook 2007", "TRIM in Outlook 2007\TRIM in Outlook 2007.csproj", "{8ED19C18-893A-4D0A-9177-C5B05277AFEA}"
EndProject
Project("{FAE04EC0-301F-11D3-BF4B-00C04F79EFBC}") = "Bing", "Bing\Bing\Bing.csproj", "{CA91FAA5-2690-45BC-808E-F38791F86732}"
EndProject
Project("{FAE04EC0-301F-11D3-BF4B-00C04F79EFBC}") = "GalaxySmash", "GalaxySmash\GalaxySmash.csproj", "{5240AB76-9F19-4E10-92DF-96A737A0D7B8}"
EndProject
Project("{2150E333-8FDC-42A3-9474-1A3956D46DE8}") = "MySQL", "MySQL", "{EDF73CF9-DF51-43B1-945A-0D42A0EF22F4}"
	ProjectSection(SolutionItems) = preProject
		MySQL\CHANGES = MySQL\CHANGES
		MySQL\COPYING = MySQL\COPYING
		MySQL\EXCEPTIONS = MySQL\EXCEPTIONS
		MySQL\mysql.data.cf.dll = MySQL\mysql.data.cf.dll
		MySQL\MySql.Data.chm = MySQL\MySql.Data.chm
		MySQL\mysql.data.dll = MySQL\mysql.data.dll
		MySQL\mysql.data.entity.dll = MySQL\mysql.data.entity.dll
		MySQL\mysql.visualstudio.dll = MySQL\mysql.visualstudio.dll
		MySQL\mysql.web.dll = MySQL\mysql.web.dll
		MySQL\README = MySQL\README
		MySQL\Release Notes.txt = MySQL\Release Notes.txt
	EndProjectSection
EndProject
Project("{1863889A-00DF-4350-BA39-669CA949CB81}") = "QueryAlertSite", "Site\QueryAlertSite.phpproj", "{D6F748A5-C66D-4E47-A0B8-3DFF8D3F2FA6}"
EndProject
Project("{FAE04EC0-301F-11D3-BF4B-00C04F79EFBC}") = "VendorBender", "VendorBender\VendorBender.csproj", "{D6EED84E-3E5E-4FF2-8742-8C71B773B5EA}"
EndProject
Project("{FAE04EC0-301F-11D3-BF4B-00C04F79EFBC}") = "Amazon.FWSInventory", "amazon-fws-inventory-2009-07-31-cs-library\src\Amazon.FWSInventory\Amazon.FWSInventory.csproj", "{524E9469-3093-4391-82B6-C1205C99A7A1}"
EndProject
Project("{FAE04EC0-301F-11D3-BF4B-00C04F79EFBC}") = "Amazon.FWSInventory.Samples", "amazon-fws-inventory-2009-07-31-cs-library\src\Amazon.FWSInventory.Samples\Amazon.FWSInventory.Samples.csproj", "{CAE0D376-1AE2-41D8-AF58-C0C47D27DD57}"
EndProject
Project("{1863889A-00DF-4350-BA39-669CA949CB81}") = "DanielDonahoe", "DanielDonahoe\DanielDonahoe.phpproj", "{B2B35FEA-E262-49B2-83D8-72F5A0C945C3}"
EndProject
Project("{1863889A-00DF-4350-BA39-669CA949CB81}") = "Bort", "Bort\Bort.phpproj", "{9CE4CA89-8716-4115-8FC8-4FCCD63C051B}"
EndProject
Project("{FAE04EC0-301F-11D3-BF4B-00C04F79EFBC}") = "iPhoneBackup", "..\iPhoneBackup\iPhoneBackup.csproj", "{81C7860C-1B52-4CE4-B1A5-6BB1DF12DEBE}"
EndProject
Project("{1863889A-00DF-4350-BA39-669CA949CB81}") = "WikiPop", "WikiPop\WikiPop.phpproj", "{65540438-156B-4973-A8D7-4DEF4A8C76A8}"
EndProject
Global
	GlobalSection(SolutionConfigurationPlatforms) = preSolution
		Debug|Any CPU = Debug|Any CPU
		Debug|Mixed Platforms = Debug|Mixed Platforms
		Debug|PHP 5 = Debug|PHP 5
		Debug|PHP 5.3 = Debug|PHP 5.3
		Debug|Win32 = Debug|Win32
		Local|Any CPU = Local|Any CPU
		Local|Mixed Platforms = Local|Mixed Platforms
		Local|PHP 5 = Local|PHP 5
		Local|PHP 5.3 = Local|PHP 5.3
		Local|Win32 = Local|Win32
		Production|Any CPU = Production|Any CPU
		Production|Mixed Platforms = Production|Mixed Platforms
		Production|PHP 5 = Production|PHP 5
		Production|PHP 5.3 = Production|PHP 5.3
		Production|Win32 = Production|Win32
		Release|Any CPU = Release|Any CPU
		Release|Mixed Platforms = Release|Mixed Platforms
		Release|PHP 5 = Release|PHP 5
		Release|PHP 5.3 = Release|PHP 5.3
		Release|Win32 = Release|Win32
		Staging|Any CPU = Staging|Any CPU
		Staging|Mixed Platforms = Staging|Mixed Platforms
		Staging|PHP 5 = Staging|PHP 5
		Staging|PHP 5.3 = Staging|PHP 5.3
		Staging|Win32 = Staging|Win32
	EndGlobalSection
	GlobalSection(ProjectConfigurationPlatforms) = postSolution
		{A9457B47-5668-4125-A144-687AB1DF96C4}.Debug|Any CPU.ActiveCfg = Debug|Win32
		{A9457B47-5668-4125-A144-687AB1DF96C4}.Debug|Mixed Platforms.ActiveCfg = Release|Win32
		{A9457B47-5668-4125-A144-687AB1DF96C4}.Debug|PHP 5.ActiveCfg = Debug|Win32
		{A9457B47-5668-4125-A144-687AB1DF96C4}.Debug|PHP 5.3.ActiveCfg = Debug|Win32
		{A9457B47-5668-4125-A144-687AB1DF96C4}.Debug|Win32.ActiveCfg = Debug|Win32
		{A9457B47-5668-4125-A144-687AB1DF96C4}.Local|Any CPU.ActiveCfg = Release|Win32
		{A9457B47-5668-4125-A144-687AB1DF96C4}.Local|Mixed Platforms.ActiveCfg = Release|Win32
		{A9457B47-5668-4125-A144-687AB1DF96C4}.Local|Mixed Platforms.Build.0 = Release|Win32
		{A9457B47-5668-4125-A144-687AB1DF96C4}.Local|PHP 5.ActiveCfg = Release|Win32
		{A9457B47-5668-4125-A144-687AB1DF96C4}.Local|PHP 5.3.ActiveCfg = Release|Win32
		{A9457B47-5668-4125-A144-687AB1DF96C4}.Local|Win32.ActiveCfg = Release|Win32
		{A9457B47-5668-4125-A144-687AB1DF96C4}.Local|Win32.Build.0 = Release|Win32
		{A9457B47-5668-4125-A144-687AB1DF96C4}.Production|Any CPU.ActiveCfg = Release|Win32
		{A9457B47-5668-4125-A144-687AB1DF96C4}.Production|Mixed Platforms.ActiveCfg = Release|Win32
		{A9457B47-5668-4125-A144-687AB1DF96C4}.Production|Mixed Platforms.Build.0 = Release|Win32
		{A9457B47-5668-4125-A144-687AB1DF96C4}.Production|PHP 5.ActiveCfg = Release|Win32
		{A9457B47-5668-4125-A144-687AB1DF96C4}.Production|PHP 5.3.ActiveCfg = Release|Win32
		{A9457B47-5668-4125-A144-687AB1DF96C4}.Production|Win32.ActiveCfg = Release|Win32
		{A9457B47-5668-4125-A144-687AB1DF96C4}.Production|Win32.Build.0 = Release|Win32
		{A9457B47-5668-4125-A144-687AB1DF96C4}.Release|Any CPU.ActiveCfg = Release|Win32
		{A9457B47-5668-4125-A144-687AB1DF96C4}.Release|Mixed Platforms.ActiveCfg = Release|Win32
		{A9457B47-5668-4125-A144-687AB1DF96C4}.Release|PHP 5.ActiveCfg = Release|Win32
		{A9457B47-5668-4125-A144-687AB1DF96C4}.Release|PHP 5.3.ActiveCfg = Release|Win32
		{A9457B47-5668-4125-A144-687AB1DF96C4}.Release|Win32.ActiveCfg = Release|Win32
		{A9457B47-5668-4125-A144-687AB1DF96C4}.Staging|Any CPU.ActiveCfg = Release|Win32
		{A9457B47-5668-4125-A144-687AB1DF96C4}.Staging|Mixed Platforms.ActiveCfg = Release|Win32
		{A9457B47-5668-4125-A144-687AB1DF96C4}.Staging|Mixed Platforms.Build.0 = Release|Win32
		{A9457B47-5668-4125-A144-687AB1DF96C4}.Staging|PHP 5.ActiveCfg = Release|Win32
		{A9457B47-5668-4125-A144-687AB1DF96C4}.Staging|PHP 5.3.ActiveCfg = Release|Win32
		{A9457B47-5668-4125-A144-687AB1DF96C4}.Staging|Win32.ActiveCfg = Release|Win32
		{A9457B47-5668-4125-A144-687AB1DF96C4}.Staging|Win32.Build.0 = Release|Win32
		{83734CAC-A09B-4167-815B-A3A70AAE53AE}.Debug|Any CPU.ActiveCfg = Debug|Any CPU
		{83734CAC-A09B-4167-815B-A3A70AAE53AE}.Debug|Any CPU.Build.0 = Debug|Any CPU
		{83734CAC-A09B-4167-815B-A3A70AAE53AE}.Debug|Mixed Platforms.ActiveCfg = Release|Any CPU
		{83734CAC-A09B-4167-815B-A3A70AAE53AE}.Debug|Mixed Platforms.Build.0 = Release|Any CPU
		{83734CAC-A09B-4167-815B-A3A70AAE53AE}.Debug|PHP 5.ActiveCfg = Debug|Any CPU
		{83734CAC-A09B-4167-815B-A3A70AAE53AE}.Debug|PHP 5.3.ActiveCfg = Debug|Any CPU
		{83734CAC-A09B-4167-815B-A3A70AAE53AE}.Debug|Win32.ActiveCfg = Debug|Any CPU
		{83734CAC-A09B-4167-815B-A3A70AAE53AE}.Local|Any CPU.ActiveCfg = Release|Any CPU
		{83734CAC-A09B-4167-815B-A3A70AAE53AE}.Local|Any CPU.Build.0 = Release|Any CPU
		{83734CAC-A09B-4167-815B-A3A70AAE53AE}.Local|Mixed Platforms.ActiveCfg = Release|Any CPU
		{83734CAC-A09B-4167-815B-A3A70AAE53AE}.Local|Mixed Platforms.Build.0 = Release|Any CPU
		{83734CAC-A09B-4167-815B-A3A70AAE53AE}.Local|PHP 5.ActiveCfg = Release|Any CPU
		{83734CAC-A09B-4167-815B-A3A70AAE53AE}.Local|PHP 5.3.ActiveCfg = Release|Any CPU
		{83734CAC-A09B-4167-815B-A3A70AAE53AE}.Local|Win32.ActiveCfg = Release|Any CPU
		{83734CAC-A09B-4167-815B-A3A70AAE53AE}.Production|Any CPU.ActiveCfg = Release|Any CPU
		{83734CAC-A09B-4167-815B-A3A70AAE53AE}.Production|Any CPU.Build.0 = Release|Any CPU
		{83734CAC-A09B-4167-815B-A3A70AAE53AE}.Production|Mixed Platforms.ActiveCfg = Release|Any CPU
		{83734CAC-A09B-4167-815B-A3A70AAE53AE}.Production|Mixed Platforms.Build.0 = Release|Any CPU
		{83734CAC-A09B-4167-815B-A3A70AAE53AE}.Production|PHP 5.ActiveCfg = Release|Any CPU
		{83734CAC-A09B-4167-815B-A3A70AAE53AE}.Production|PHP 5.3.ActiveCfg = Release|Any CPU
		{83734CAC-A09B-4167-815B-A3A70AAE53AE}.Production|Win32.ActiveCfg = Release|Any CPU
		{83734CAC-A09B-4167-815B-A3A70AAE53AE}.Release|Any CPU.ActiveCfg = Release|Any CPU
		{83734CAC-A09B-4167-815B-A3A70AAE53AE}.Release|Any CPU.Build.0 = Release|Any CPU
		{83734CAC-A09B-4167-815B-A3A70AAE53AE}.Release|Mixed Platforms.ActiveCfg = Release|Any CPU
		{83734CAC-A09B-4167-815B-A3A70AAE53AE}.Release|PHP 5.ActiveCfg = Release|Any CPU
		{83734CAC-A09B-4167-815B-A3A70AAE53AE}.Release|PHP 5.3.ActiveCfg = Release|Any CPU
		{83734CAC-A09B-4167-815B-A3A70AAE53AE}.Release|Win32.ActiveCfg = Release|Any CPU
		{83734CAC-A09B-4167-815B-A3A70AAE53AE}.Staging|Any CPU.ActiveCfg = Release|Any CPU
		{83734CAC-A09B-4167-815B-A3A70AAE53AE}.Staging|Any CPU.Build.0 = Release|Any CPU
		{83734CAC-A09B-4167-815B-A3A70AAE53AE}.Staging|Mixed Platforms.ActiveCfg = Release|Any CPU
		{83734CAC-A09B-4167-815B-A3A70AAE53AE}.Staging|Mixed Platforms.Build.0 = Release|Any CPU
		{83734CAC-A09B-4167-815B-A3A70AAE53AE}.Staging|PHP 5.ActiveCfg = Release|Any CPU
		{83734CAC-A09B-4167-815B-A3A70AAE53AE}.Staging|PHP 5.3.ActiveCfg = Release|Any CPU
		{83734CAC-A09B-4167-815B-A3A70AAE53AE}.Staging|Win32.ActiveCfg = Release|Any CPU
		{8ED19C18-893A-4D0A-9177-C5B05277AFEA}.Debug|Any CPU.ActiveCfg = Debug|Any CPU
		{8ED19C18-893A-4D0A-9177-C5B05277AFEA}.Debug|Any CPU.Build.0 = Debug|Any CPU
		{8ED19C18-893A-4D0A-9177-C5B05277AFEA}.Debug|Mixed Platforms.ActiveCfg = Release|Any CPU
		{8ED19C18-893A-4D0A-9177-C5B05277AFEA}.Debug|PHP 5.ActiveCfg = Debug|Any CPU
		{8ED19C18-893A-4D0A-9177-C5B05277AFEA}.Debug|PHP 5.3.ActiveCfg = Debug|Any CPU
		{8ED19C18-893A-4D0A-9177-C5B05277AFEA}.Debug|Win32.ActiveCfg = Debug|Any CPU
		{8ED19C18-893A-4D0A-9177-C5B05277AFEA}.Local|Any CPU.ActiveCfg = Release|Any CPU
		{8ED19C18-893A-4D0A-9177-C5B05277AFEA}.Local|Any CPU.Build.0 = Release|Any CPU
		{8ED19C18-893A-4D0A-9177-C5B05277AFEA}.Local|Mixed Platforms.ActiveCfg = Release|Any CPU
		{8ED19C18-893A-4D0A-9177-C5B05277AFEA}.Local|Mixed Platforms.Build.0 = Release|Any CPU
		{8ED19C18-893A-4D0A-9177-C5B05277AFEA}.Local|PHP 5.ActiveCfg = Release|Any CPU
		{8ED19C18-893A-4D0A-9177-C5B05277AFEA}.Local|PHP 5.3.ActiveCfg = Release|Any CPU
		{8ED19C18-893A-4D0A-9177-C5B05277AFEA}.Local|Win32.ActiveCfg = Release|Any CPU
		{8ED19C18-893A-4D0A-9177-C5B05277AFEA}.Production|Any CPU.ActiveCfg = Release|Any CPU
		{8ED19C18-893A-4D0A-9177-C5B05277AFEA}.Production|Any CPU.Build.0 = Release|Any CPU
		{8ED19C18-893A-4D0A-9177-C5B05277AFEA}.Production|Mixed Platforms.ActiveCfg = Release|Any CPU
		{8ED19C18-893A-4D0A-9177-C5B05277AFEA}.Production|Mixed Platforms.Build.0 = Release|Any CPU
		{8ED19C18-893A-4D0A-9177-C5B05277AFEA}.Production|PHP 5.ActiveCfg = Release|Any CPU
		{8ED19C18-893A-4D0A-9177-C5B05277AFEA}.Production|PHP 5.3.ActiveCfg = Release|Any CPU
		{8ED19C18-893A-4D0A-9177-C5B05277AFEA}.Production|Win32.ActiveCfg = Release|Any CPU
		{8ED19C18-893A-4D0A-9177-C5B05277AFEA}.Release|Any CPU.ActiveCfg = Release|Any CPU
		{8ED19C18-893A-4D0A-9177-C5B05277AFEA}.Release|Any CPU.Build.0 = Release|Any CPU
		{8ED19C18-893A-4D0A-9177-C5B05277AFEA}.Release|Mixed Platforms.ActiveCfg = Release|Any CPU
		{8ED19C18-893A-4D0A-9177-C5B05277AFEA}.Release|PHP 5.ActiveCfg = Release|Any CPU
		{8ED19C18-893A-4D0A-9177-C5B05277AFEA}.Release|PHP 5.3.ActiveCfg = Release|Any CPU
		{8ED19C18-893A-4D0A-9177-C5B05277AFEA}.Release|Win32.ActiveCfg = Release|Any CPU
		{8ED19C18-893A-4D0A-9177-C5B05277AFEA}.Staging|Any CPU.ActiveCfg = Release|Any CPU
		{8ED19C18-893A-4D0A-9177-C5B05277AFEA}.Staging|Any CPU.Build.0 = Release|Any CPU
		{8ED19C18-893A-4D0A-9177-C5B05277AFEA}.Staging|Mixed Platforms.ActiveCfg = Release|Any CPU
		{8ED19C18-893A-4D0A-9177-C5B05277AFEA}.Staging|Mixed Platforms.Build.0 = Release|Any CPU
		{8ED19C18-893A-4D0A-9177-C5B05277AFEA}.Staging|PHP 5.ActiveCfg = Release|Any CPU
		{8ED19C18-893A-4D0A-9177-C5B05277AFEA}.Staging|PHP 5.3.ActiveCfg = Release|Any CPU
		{8ED19C18-893A-4D0A-9177-C5B05277AFEA}.Staging|Win32.ActiveCfg = Release|Any CPU
		{CA91FAA5-2690-45BC-808E-F38791F86732}.Debug|Any CPU.ActiveCfg = Debug|Any CPU
		{CA91FAA5-2690-45BC-808E-F38791F86732}.Debug|Any CPU.Build.0 = Debug|Any CPU
		{CA91FAA5-2690-45BC-808E-F38791F86732}.Debug|Mixed Platforms.ActiveCfg = Release|Any CPU
		{CA91FAA5-2690-45BC-808E-F38791F86732}.Debug|PHP 5.ActiveCfg = Debug|Any CPU
		{CA91FAA5-2690-45BC-808E-F38791F86732}.Debug|PHP 5.3.ActiveCfg = Debug|Any CPU
		{CA91FAA5-2690-45BC-808E-F38791F86732}.Debug|Win32.ActiveCfg = Debug|Any CPU
		{CA91FAA5-2690-45BC-808E-F38791F86732}.Local|Any CPU.ActiveCfg = Release|Any CPU
		{CA91FAA5-2690-45BC-808E-F38791F86732}.Local|Any CPU.Build.0 = Release|Any CPU
		{CA91FAA5-2690-45BC-808E-F38791F86732}.Local|Mixed Platforms.ActiveCfg = Release|Any CPU
		{CA91FAA5-2690-45BC-808E-F38791F86732}.Local|Mixed Platforms.Build.0 = Release|Any CPU
		{CA91FAA5-2690-45BC-808E-F38791F86732}.Local|PHP 5.ActiveCfg = Release|Any CPU
		{CA91FAA5-2690-45BC-808E-F38791F86732}.Local|PHP 5.3.ActiveCfg = Release|Any CPU
		{CA91FAA5-2690-45BC-808E-F38791F86732}.Local|Win32.ActiveCfg = Release|Any CPU
		{CA91FAA5-2690-45BC-808E-F38791F86732}.Production|Any CPU.ActiveCfg = Release|Any CPU
		{CA91FAA5-2690-45BC-808E-F38791F86732}.Production|Any CPU.Build.0 = Release|Any CPU
		{CA91FAA5-2690-45BC-808E-F38791F86732}.Production|Mixed Platforms.ActiveCfg = Release|Any CPU
		{CA91FAA5-2690-45BC-808E-F38791F86732}.Production|Mixed Platforms.Build.0 = Release|Any CPU
		{CA91FAA5-2690-45BC-808E-F38791F86732}.Production|PHP 5.ActiveCfg = Release|Any CPU
		{CA91FAA5-2690-45BC-808E-F38791F86732}.Production|PHP 5.3.ActiveCfg = Release|Any CPU
		{CA91FAA5-2690-45BC-808E-F38791F86732}.Production|Win32.ActiveCfg = Release|Any CPU
		{CA91FAA5-2690-45BC-808E-F38791F86732}.Release|Any CPU.ActiveCfg = Release|Any CPU
		{CA91FAA5-2690-45BC-808E-F38791F86732}.Release|Any CPU.Build.0 = Release|Any CPU
		{CA91FAA5-2690-45BC-808E-F38791F86732}.Release|Mixed Platforms.ActiveCfg = Release|Any CPU
		{CA91FAA5-2690-45BC-808E-F38791F86732}.Release|PHP 5.ActiveCfg = Release|Any CPU
		{CA91FAA5-2690-45BC-808E-F38791F86732}.Release|PHP 5.3.ActiveCfg = Release|Any CPU
		{CA91FAA5-2690-45BC-808E-F38791F86732}.Release|Win32.ActiveCfg = Release|Any CPU
		{CA91FAA5-2690-45BC-808E-F38791F86732}.Staging|Any CPU.ActiveCfg = Release|Any CPU
		{CA91FAA5-2690-45BC-808E-F38791F86732}.Staging|Any CPU.Build.0 = Release|Any CPU
		{CA91FAA5-2690-45BC-808E-F38791F86732}.Staging|Mixed Platforms.ActiveCfg = Release|Any CPU
		{CA91FAA5-2690-45BC-808E-F38791F86732}.Staging|Mixed Platforms.Build.0 = Release|Any CPU
		{CA91FAA5-2690-45BC-808E-F38791F86732}.Staging|PHP 5.ActiveCfg = Release|Any CPU
		{CA91FAA5-2690-45BC-808E-F38791F86732}.Staging|PHP 5.3.ActiveCfg = Release|Any CPU
		{CA91FAA5-2690-45BC-808E-F38791F86732}.Staging|Win32.ActiveCfg = Release|Any CPU
		{5240AB76-9F19-4E10-92DF-96A737A0D7B8}.Debug|Any CPU.ActiveCfg = Debug|Any CPU
		{5240AB76-9F19-4E10-92DF-96A737A0D7B8}.Debug|Any CPU.Build.0 = Debug|Any CPU
		{5240AB76-9F19-4E10-92DF-96A737A0D7B8}.Debug|Mixed Platforms.ActiveCfg = Release|Any CPU
		{5240AB76-9F19-4E10-92DF-96A737A0D7B8}.Debug|PHP 5.ActiveCfg = Debug|Any CPU
		{5240AB76-9F19-4E10-92DF-96A737A0D7B8}.Debug|PHP 5.3.ActiveCfg = Debug|Any CPU
		{5240AB76-9F19-4E10-92DF-96A737A0D7B8}.Debug|Win32.ActiveCfg = Debug|Any CPU
		{5240AB76-9F19-4E10-92DF-96A737A0D7B8}.Local|Any CPU.ActiveCfg = Release|Any CPU
		{5240AB76-9F19-4E10-92DF-96A737A0D7B8}.Local|Any CPU.Build.0 = Release|Any CPU
		{5240AB76-9F19-4E10-92DF-96A737A0D7B8}.Local|Mixed Platforms.ActiveCfg = Release|Any CPU
		{5240AB76-9F19-4E10-92DF-96A737A0D7B8}.Local|Mixed Platforms.Build.0 = Release|Any CPU
		{5240AB76-9F19-4E10-92DF-96A737A0D7B8}.Local|PHP 5.ActiveCfg = Release|Any CPU
		{5240AB76-9F19-4E10-92DF-96A737A0D7B8}.Local|PHP 5.3.ActiveCfg = Release|Any CPU
		{5240AB76-9F19-4E10-92DF-96A737A0D7B8}.Local|Win32.ActiveCfg = Release|Any CPU
		{5240AB76-9F19-4E10-92DF-96A737A0D7B8}.Production|Any CPU.ActiveCfg = Release|Any CPU
		{5240AB76-9F19-4E10-92DF-96A737A0D7B8}.Production|Any CPU.Build.0 = Release|Any CPU
		{5240AB76-9F19-4E10-92DF-96A737A0D7B8}.Production|Mixed Platforms.ActiveCfg = Release|Any CPU
		{5240AB76-9F19-4E10-92DF-96A737A0D7B8}.Production|Mixed Platforms.Build.0 = Release|Any CPU
		{5240AB76-9F19-4E10-92DF-96A737A0D7B8}.Production|PHP 5.ActiveCfg = Release|Any CPU
		{5240AB76-9F19-4E10-92DF-96A737A0D7B8}.Production|PHP 5.3.ActiveCfg = Release|Any CPU
		{5240AB76-9F19-4E10-92DF-96A737A0D7B8}.Production|Win32.ActiveCfg = Release|Any CPU
		{5240AB76-9F19-4E10-92DF-96A737A0D7B8}.Release|Any CPU.ActiveCfg = Release|Any CPU
		{5240AB76-9F19-4E10-92DF-96A737A0D7B8}.Release|Any CPU.Build.0 = Release|Any CPU
		{5240AB76-9F19-4E10-92DF-96A737A0D7B8}.Release|Mixed Platforms.ActiveCfg = Release|Any CPU
		{5240AB76-9F19-4E10-92DF-96A737A0D7B8}.Release|Mixed Platforms.Build.0 = Release|Any CPU
		{5240AB76-9F19-4E10-92DF-96A737A0D7B8}.Release|PHP 5.ActiveCfg = Release|Any CPU
		{5240AB76-9F19-4E10-92DF-96A737A0D7B8}.Release|PHP 5.3.ActiveCfg = Release|Any CPU
		{5240AB76-9F19-4E10-92DF-96A737A0D7B8}.Release|Win32.ActiveCfg = Release|Any CPU
		{5240AB76-9F19-4E10-92DF-96A737A0D7B8}.Staging|Any CPU.ActiveCfg = Release|Any CPU
		{5240AB76-9F19-4E10-92DF-96A737A0D7B8}.Staging|Any CPU.Build.0 = Release|Any CPU
		{5240AB76-9F19-4E10-92DF-96A737A0D7B8}.Staging|Mixed Platforms.ActiveCfg = Release|Any CPU
		{5240AB76-9F19-4E10-92DF-96A737A0D7B8}.Staging|Mixed Platforms.Build.0 = Release|Any CPU
		{5240AB76-9F19-4E10-92DF-96A737A0D7B8}.Staging|PHP 5.ActiveCfg = Release|Any CPU
		{5240AB76-9F19-4E10-92DF-96A737A0D7B8}.Staging|PHP 5.3.ActiveCfg = Release|Any CPU
		{5240AB76-9F19-4E10-92DF-96A737A0D7B8}.Staging|Win32.ActiveCfg = Release|Any CPU
		{D6F748A5-C66D-4E47-A0B8-3DFF8D3F2FA6}.Debug|Any CPU.ActiveCfg = Production|PHP 5
		{D6F748A5-C66D-4E47-A0B8-3DFF8D3F2FA6}.Debug|Mixed Platforms.ActiveCfg = Production|PHP 5
		{D6F748A5-C66D-4E47-A0B8-3DFF8D3F2FA6}.Debug|Mixed Platforms.Deploy.0 = Production|PHP 5
		{D6F748A5-C66D-4E47-A0B8-3DFF8D3F2FA6}.Debug|PHP 5.ActiveCfg = Production|PHP 5
		{D6F748A5-C66D-4E47-A0B8-3DFF8D3F2FA6}.Debug|PHP 5.Deploy.0 = Production|PHP 5
		{D6F748A5-C66D-4E47-A0B8-3DFF8D3F2FA6}.Debug|PHP 5.3.ActiveCfg = Staging|PHP 5
		{D6F748A5-C66D-4E47-A0B8-3DFF8D3F2FA6}.Debug|Win32.ActiveCfg = Production|PHP 5
		{D6F748A5-C66D-4E47-A0B8-3DFF8D3F2FA6}.Local|Any CPU.ActiveCfg = Local|PHP 5
		{D6F748A5-C66D-4E47-A0B8-3DFF8D3F2FA6}.Local|Mixed Platforms.ActiveCfg = Local|PHP 5
		{D6F748A5-C66D-4E47-A0B8-3DFF8D3F2FA6}.Local|Mixed Platforms.Deploy.0 = Local|PHP 5
		{D6F748A5-C66D-4E47-A0B8-3DFF8D3F2FA6}.Local|PHP 5.ActiveCfg = Local|PHP 5
		{D6F748A5-C66D-4E47-A0B8-3DFF8D3F2FA6}.Local|PHP 5.Deploy.0 = Local|PHP 5
		{D6F748A5-C66D-4E47-A0B8-3DFF8D3F2FA6}.Local|PHP 5.3.ActiveCfg = Local|PHP 5.2
		{D6F748A5-C66D-4E47-A0B8-3DFF8D3F2FA6}.Local|Win32.ActiveCfg = Local|PHP 5
		{D6F748A5-C66D-4E47-A0B8-3DFF8D3F2FA6}.Production|Any CPU.ActiveCfg = Production|PHP 5
		{D6F748A5-C66D-4E47-A0B8-3DFF8D3F2FA6}.Production|Mixed Platforms.ActiveCfg = Production|PHP 5
		{D6F748A5-C66D-4E47-A0B8-3DFF8D3F2FA6}.Production|Mixed Platforms.Deploy.0 = Production|PHP 5
		{D6F748A5-C66D-4E47-A0B8-3DFF8D3F2FA6}.Production|PHP 5.ActiveCfg = Production|PHP 5
		{D6F748A5-C66D-4E47-A0B8-3DFF8D3F2FA6}.Production|PHP 5.Deploy.0 = Production|PHP 5
		{D6F748A5-C66D-4E47-A0B8-3DFF8D3F2FA6}.Production|PHP 5.3.ActiveCfg = Production|PHP 5.2
		{D6F748A5-C66D-4E47-A0B8-3DFF8D3F2FA6}.Production|Win32.ActiveCfg = Production|PHP 5
		{D6F748A5-C66D-4E47-A0B8-3DFF8D3F2FA6}.Release|Any CPU.ActiveCfg = Production|PHP 5
		{D6F748A5-C66D-4E47-A0B8-3DFF8D3F2FA6}.Release|Mixed Platforms.ActiveCfg = Production|PHP 5
		{D6F748A5-C66D-4E47-A0B8-3DFF8D3F2FA6}.Release|Mixed Platforms.Deploy.0 = Production|PHP 5
		{D6F748A5-C66D-4E47-A0B8-3DFF8D3F2FA6}.Release|PHP 5.ActiveCfg = Production|PHP 5
		{D6F748A5-C66D-4E47-A0B8-3DFF8D3F2FA6}.Release|PHP 5.Deploy.0 = Production|PHP 5
		{D6F748A5-C66D-4E47-A0B8-3DFF8D3F2FA6}.Release|PHP 5.3.ActiveCfg = Staging|PHP 5
		{D6F748A5-C66D-4E47-A0B8-3DFF8D3F2FA6}.Release|Win32.ActiveCfg = Production|PHP 5
		{D6F748A5-C66D-4E47-A0B8-3DFF8D3F2FA6}.Staging|Any CPU.ActiveCfg = Staging|PHP 5
		{D6F748A5-C66D-4E47-A0B8-3DFF8D3F2FA6}.Staging|Mixed Platforms.ActiveCfg = Staging|PHP 5
		{D6F748A5-C66D-4E47-A0B8-3DFF8D3F2FA6}.Staging|Mixed Platforms.Deploy.0 = Staging|PHP 5
		{D6F748A5-C66D-4E47-A0B8-3DFF8D3F2FA6}.Staging|PHP 5.ActiveCfg = Staging|PHP 5
		{D6F748A5-C66D-4E47-A0B8-3DFF8D3F2FA6}.Staging|PHP 5.Deploy.0 = Staging|PHP 5
		{D6F748A5-C66D-4E47-A0B8-3DFF8D3F2FA6}.Staging|PHP 5.3.ActiveCfg = Staging|PHP 5.2
		{D6F748A5-C66D-4E47-A0B8-3DFF8D3F2FA6}.Staging|Win32.ActiveCfg = Staging|PHP 5
		{D6EED84E-3E5E-4FF2-8742-8C71B773B5EA}.Debug|Any CPU.ActiveCfg = Debug|Any CPU
		{D6EED84E-3E5E-4FF2-8742-8C71B773B5EA}.Debug|Any CPU.Build.0 = Debug|Any CPU
		{D6EED84E-3E5E-4FF2-8742-8C71B773B5EA}.Debug|Mixed Platforms.ActiveCfg = Debug|Any CPU
		{D6EED84E-3E5E-4FF2-8742-8C71B773B5EA}.Debug|PHP 5.ActiveCfg = Debug|Any CPU
		{D6EED84E-3E5E-4FF2-8742-8C71B773B5EA}.Debug|PHP 5.3.ActiveCfg = Debug|Any CPU
		{D6EED84E-3E5E-4FF2-8742-8C71B773B5EA}.Debug|Win32.ActiveCfg = Debug|Any CPU
		{D6EED84E-3E5E-4FF2-8742-8C71B773B5EA}.Local|Any CPU.ActiveCfg = Release|Any CPU
		{D6EED84E-3E5E-4FF2-8742-8C71B773B5EA}.Local|Any CPU.Build.0 = Release|Any CPU
		{D6EED84E-3E5E-4FF2-8742-8C71B773B5EA}.Local|Mixed Platforms.ActiveCfg = Release|Any CPU
		{D6EED84E-3E5E-4FF2-8742-8C71B773B5EA}.Local|Mixed Platforms.Build.0 = Release|Any CPU
		{D6EED84E-3E5E-4FF2-8742-8C71B773B5EA}.Local|PHP 5.ActiveCfg = Release|Any CPU
		{D6EED84E-3E5E-4FF2-8742-8C71B773B5EA}.Local|PHP 5.3.ActiveCfg = Release|Any CPU
		{D6EED84E-3E5E-4FF2-8742-8C71B773B5EA}.Local|Win32.ActiveCfg = Release|Any CPU
		{D6EED84E-3E5E-4FF2-8742-8C71B773B5EA}.Production|Any CPU.ActiveCfg = Release|Any CPU
		{D6EED84E-3E5E-4FF2-8742-8C71B773B5EA}.Production|Any CPU.Build.0 = Release|Any CPU
		{D6EED84E-3E5E-4FF2-8742-8C71B773B5EA}.Production|Mixed Platforms.ActiveCfg = Release|Any CPU
		{D6EED84E-3E5E-4FF2-8742-8C71B773B5EA}.Production|Mixed Platforms.Build.0 = Release|Any CPU
		{D6EED84E-3E5E-4FF2-8742-8C71B773B5EA}.Production|PHP 5.ActiveCfg = Release|Any CPU
		{D6EED84E-3E5E-4FF2-8742-8C71B773B5EA}.Production|PHP 5.3.ActiveCfg = Release|Any CPU
		{D6EED84E-3E5E-4FF2-8742-8C71B773B5EA}.Production|Win32.ActiveCfg = Release|Any CPU
		{D6EED84E-3E5E-4FF2-8742-8C71B773B5EA}.Release|Any CPU.ActiveCfg = Release|Any CPU
		{D6EED84E-3E5E-4FF2-8742-8C71B773B5EA}.Release|Any CPU.Build.0 = Release|Any CPU
		{D6EED84E-3E5E-4FF2-8742-8C71B773B5EA}.Release|Mixed Platforms.ActiveCfg = Release|Any CPU
		{D6EED84E-3E5E-4FF2-8742-8C71B773B5EA}.Release|Mixed Platforms.Build.0 = Release|Any CPU
		{D6EED84E-3E5E-4FF2-8742-8C71B773B5EA}.Release|PHP 5.ActiveCfg = Release|Any CPU
		{D6EED84E-3E5E-4FF2-8742-8C71B773B5EA}.Release|PHP 5.3.ActiveCfg = Release|Any CPU
		{D6EED84E-3E5E-4FF2-8742-8C71B773B5EA}.Release|Win32.ActiveCfg = Release|Any CPU
		{D6EED84E-3E5E-4FF2-8742-8C71B773B5EA}.Staging|Any CPU.ActiveCfg = Release|Any CPU
		{D6EED84E-3E5E-4FF2-8742-8C71B773B5EA}.Staging|Any CPU.Build.0 = Release|Any CPU
		{D6EED84E-3E5E-4FF2-8742-8C71B773B5EA}.Staging|Mixed Platforms.ActiveCfg = Release|Any CPU
		{D6EED84E-3E5E-4FF2-8742-8C71B773B5EA}.Staging|Mixed Platforms.Build.0 = Release|Any CPU
		{D6EED84E-3E5E-4FF2-8742-8C71B773B5EA}.Staging|PHP 5.ActiveCfg = Release|Any CPU
		{D6EED84E-3E5E-4FF2-8742-8C71B773B5EA}.Staging|PHP 5.3.ActiveCfg = Release|Any CPU
		{D6EED84E-3E5E-4FF2-8742-8C71B773B5EA}.Staging|Win32.ActiveCfg = Release|Any CPU
		{524E9469-3093-4391-82B6-C1205C99A7A1}.Debug|Any CPU.ActiveCfg = Debug|Any CPU
		{524E9469-3093-4391-82B6-C1205C99A7A1}.Debug|Any CPU.Build.0 = Debug|Any CPU
		{524E9469-3093-4391-82B6-C1205C99A7A1}.Debug|Mixed Platforms.ActiveCfg = Debug|Any CPU
		{524E9469-3093-4391-82B6-C1205C99A7A1}.Debug|PHP 5.ActiveCfg = Debug|Any CPU
		{524E9469-3093-4391-82B6-C1205C99A7A1}.Debug|PHP 5.3.ActiveCfg = Debug|Any CPU
		{524E9469-3093-4391-82B6-C1205C99A7A1}.Debug|Win32.ActiveCfg = Debug|Any CPU
		{524E9469-3093-4391-82B6-C1205C99A7A1}.Local|Any CPU.ActiveCfg = Release|Any CPU
		{524E9469-3093-4391-82B6-C1205C99A7A1}.Local|Any CPU.Build.0 = Release|Any CPU
		{524E9469-3093-4391-82B6-C1205C99A7A1}.Local|Mixed Platforms.ActiveCfg = Release|Any CPU
		{524E9469-3093-4391-82B6-C1205C99A7A1}.Local|Mixed Platforms.Build.0 = Release|Any CPU
		{524E9469-3093-4391-82B6-C1205C99A7A1}.Local|PHP 5.ActiveCfg = Release|Any CPU
		{524E9469-3093-4391-82B6-C1205C99A7A1}.Local|PHP 5.3.ActiveCfg = Release|Any CPU
		{524E9469-3093-4391-82B6-C1205C99A7A1}.Local|Win32.ActiveCfg = Release|Any CPU
		{524E9469-3093-4391-82B6-C1205C99A7A1}.Production|Any CPU.ActiveCfg = Release|Any CPU
		{524E9469-3093-4391-82B6-C1205C99A7A1}.Production|Any CPU.Build.0 = Release|Any CPU
		{524E9469-3093-4391-82B6-C1205C99A7A1}.Production|Mixed Platforms.ActiveCfg = Release|Any CPU
		{524E9469-3093-4391-82B6-C1205C99A7A1}.Production|Mixed Platforms.Build.0 = Release|Any CPU
		{524E9469-3093-4391-82B6-C1205C99A7A1}.Production|PHP 5.ActiveCfg = Release|Any CPU
		{524E9469-3093-4391-82B6-C1205C99A7A1}.Production|PHP 5.3.ActiveCfg = Release|Any CPU
		{524E9469-3093-4391-82B6-C1205C99A7A1}.Production|Win32.ActiveCfg = Release|Any CPU
		{524E9469-3093-4391-82B6-C1205C99A7A1}.Release|Any CPU.ActiveCfg = Release|Any CPU
		{524E9469-3093-4391-82B6-C1205C99A7A1}.Release|Any CPU.Build.0 = Release|Any CPU
		{524E9469-3093-4391-82B6-C1205C99A7A1}.Release|Mixed Platforms.ActiveCfg = Release|Any CPU
		{524E9469-3093-4391-82B6-C1205C99A7A1}.Release|Mixed Platforms.Build.0 = Release|Any CPU
		{524E9469-3093-4391-82B6-C1205C99A7A1}.Release|PHP 5.ActiveCfg = Release|Any CPU
		{524E9469-3093-4391-82B6-C1205C99A7A1}.Release|PHP 5.3.ActiveCfg = Release|Any CPU
		{524E9469-3093-4391-82B6-C1205C99A7A1}.Release|Win32.ActiveCfg = Release|Any CPU
		{524E9469-3093-4391-82B6-C1205C99A7A1}.Staging|Any CPU.ActiveCfg = Release|Any CPU
		{524E9469-3093-4391-82B6-C1205C99A7A1}.Staging|Any CPU.Build.0 = Release|Any CPU
		{524E9469-3093-4391-82B6-C1205C99A7A1}.Staging|Mixed Platforms.ActiveCfg = Release|Any CPU
		{524E9469-3093-4391-82B6-C1205C99A7A1}.Staging|Mixed Platforms.Build.0 = Release|Any CPU
		{524E9469-3093-4391-82B6-C1205C99A7A1}.Staging|PHP 5.ActiveCfg = Release|Any CPU
		{524E9469-3093-4391-82B6-C1205C99A7A1}.Staging|PHP 5.3.ActiveCfg = Release|Any CPU
		{524E9469-3093-4391-82B6-C1205C99A7A1}.Staging|Win32.ActiveCfg = Release|Any CPU
		{CAE0D376-1AE2-41D8-AF58-C0C47D27DD57}.Debug|Any CPU.ActiveCfg = Debug|Any CPU
		{CAE0D376-1AE2-41D8-AF58-C0C47D27DD57}.Debug|Any CPU.Build.0 = Debug|Any CPU
		{CAE0D376-1AE2-41D8-AF58-C0C47D27DD57}.Debug|Mixed Platforms.ActiveCfg = Debug|Any CPU
		{CAE0D376-1AE2-41D8-AF58-C0C47D27DD57}.Debug|PHP 5.ActiveCfg = Debug|Any CPU
		{CAE0D376-1AE2-41D8-AF58-C0C47D27DD57}.Debug|PHP 5.3.ActiveCfg = Debug|Any CPU
		{CAE0D376-1AE2-41D8-AF58-C0C47D27DD57}.Debug|Win32.ActiveCfg = Debug|Any CPU
		{CAE0D376-1AE2-41D8-AF58-C0C47D27DD57}.Local|Any CPU.ActiveCfg = Release|Any CPU
		{CAE0D376-1AE2-41D8-AF58-C0C47D27DD57}.Local|Any CPU.Build.0 = Release|Any CPU
		{CAE0D376-1AE2-41D8-AF58-C0C47D27DD57}.Local|Mixed Platforms.ActiveCfg = Release|Any CPU
		{CAE0D376-1AE2-41D8-AF58-C0C47D27DD57}.Local|Mixed Platforms.Build.0 = Release|Any CPU
		{CAE0D376-1AE2-41D8-AF58-C0C47D27DD57}.Local|PHP 5.ActiveCfg = Release|Any CPU
		{CAE0D376-1AE2-41D8-AF58-C0C47D27DD57}.Local|PHP 5.3.ActiveCfg = Release|Any CPU
		{CAE0D376-1AE2-41D8-AF58-C0C47D27DD57}.Local|Win32.ActiveCfg = Release|Any CPU
		{CAE0D376-1AE2-41D8-AF58-C0C47D27DD57}.Production|Any CPU.ActiveCfg = Release|Any CPU
		{CAE0D376-1AE2-41D8-AF58-C0C47D27DD57}.Production|Any CPU.Build.0 = Release|Any CPU
		{CAE0D376-1AE2-41D8-AF58-C0C47D27DD57}.Production|Mixed Platforms.ActiveCfg = Release|Any CPU
		{CAE0D376-1AE2-41D8-AF58-C0C47D27DD57}.Production|Mixed Platforms.Build.0 = Release|Any CPU
		{CAE0D376-1AE2-41D8-AF58-C0C47D27DD57}.Production|PHP 5.ActiveCfg = Release|Any CPU
		{CAE0D376-1AE2-41D8-AF58-C0C47D27DD57}.Production|PHP 5.3.ActiveCfg = Release|Any CPU
		{CAE0D376-1AE2-41D8-AF58-C0C47D27DD57}.Production|Win32.ActiveCfg = Release|Any CPU
		{CAE0D376-1AE2-41D8-AF58-C0C47D27DD57}.Release|Any CPU.ActiveCfg = Release|Any CPU
		{CAE0D376-1AE2-41D8-AF58-C0C47D27DD57}.Release|Any CPU.Build.0 = Release|Any CPU
		{CAE0D376-1AE2-41D8-AF58-C0C47D27DD57}.Release|Mixed Platforms.ActiveCfg = Release|Any CPU
		{CAE0D376-1AE2-41D8-AF58-C0C47D27DD57}.Release|Mixed Platforms.Build.0 = Release|Any CPU
		{CAE0D376-1AE2-41D8-AF58-C0C47D27DD57}.Release|PHP 5.ActiveCfg = Release|Any CPU
		{CAE0D376-1AE2-41D8-AF58-C0C47D27DD57}.Release|PHP 5.3.ActiveCfg = Release|Any CPU
		{CAE0D376-1AE2-41D8-AF58-C0C47D27DD57}.Release|Win32.ActiveCfg = Release|Any CPU
		{CAE0D376-1AE2-41D8-AF58-C0C47D27DD57}.Staging|Any CPU.ActiveCfg = Release|Any CPU
		{CAE0D376-1AE2-41D8-AF58-C0C47D27DD57}.Staging|Any CPU.Build.0 = Release|Any CPU
		{CAE0D376-1AE2-41D8-AF58-C0C47D27DD57}.Staging|Mixed Platforms.ActiveCfg = Release|Any CPU
		{CAE0D376-1AE2-41D8-AF58-C0C47D27DD57}.Staging|Mixed Platforms.Build.0 = Release|Any CPU
		{CAE0D376-1AE2-41D8-AF58-C0C47D27DD57}.Staging|PHP 5.ActiveCfg = Release|Any CPU
		{CAE0D376-1AE2-41D8-AF58-C0C47D27DD57}.Staging|PHP 5.3.ActiveCfg = Release|Any CPU
		{CAE0D376-1AE2-41D8-AF58-C0C47D27DD57}.Staging|Win32.ActiveCfg = Release|Any CPU
		{B2B35FEA-E262-49B2-83D8-72F5A0C945C3}.Debug|Any CPU.ActiveCfg = Production|PHP 5
		{B2B35FEA-E262-49B2-83D8-72F5A0C945C3}.Debug|Mixed Platforms.ActiveCfg = Production|PHP 5
		{B2B35FEA-E262-49B2-83D8-72F5A0C945C3}.Debug|Mixed Platforms.Deploy.0 = Production|PHP 5
		{B2B35FEA-E262-49B2-83D8-72F5A0C945C3}.Debug|PHP 5.ActiveCfg = Production|PHP 5
		{B2B35FEA-E262-49B2-83D8-72F5A0C945C3}.Debug|PHP 5.Deploy.0 = Production|PHP 5
		{B2B35FEA-E262-49B2-83D8-72F5A0C945C3}.Debug|PHP 5.3.ActiveCfg = Staging|PHP 5
		{B2B35FEA-E262-49B2-83D8-72F5A0C945C3}.Debug|Win32.ActiveCfg = Production|PHP 5
		{B2B35FEA-E262-49B2-83D8-72F5A0C945C3}.Local|Any CPU.ActiveCfg = Local|PHP 5
		{B2B35FEA-E262-49B2-83D8-72F5A0C945C3}.Local|Mixed Platforms.ActiveCfg = Local|PHP 5
		{B2B35FEA-E262-49B2-83D8-72F5A0C945C3}.Local|Mixed Platforms.Deploy.0 = Local|PHP 5
		{B2B35FEA-E262-49B2-83D8-72F5A0C945C3}.Local|PHP 5.ActiveCfg = Local|PHP 5
		{B2B35FEA-E262-49B2-83D8-72F5A0C945C3}.Local|PHP 5.Deploy.0 = Local|PHP 5
		{B2B35FEA-E262-49B2-83D8-72F5A0C945C3}.Local|PHP 5.3.ActiveCfg = Local|PHP 5.2
		{B2B35FEA-E262-49B2-83D8-72F5A0C945C3}.Local|Win32.ActiveCfg = Local|PHP 5
		{B2B35FEA-E262-49B2-83D8-72F5A0C945C3}.Production|Any CPU.ActiveCfg = Production|PHP 5
		{B2B35FEA-E262-49B2-83D8-72F5A0C945C3}.Production|Mixed Platforms.ActiveCfg = Production|PHP 5
		{B2B35FEA-E262-49B2-83D8-72F5A0C945C3}.Production|Mixed Platforms.Deploy.0 = Production|PHP 5
		{B2B35FEA-E262-49B2-83D8-72F5A0C945C3}.Production|PHP 5.ActiveCfg = Production|PHP 5
		{B2B35FEA-E262-49B2-83D8-72F5A0C945C3}.Production|PHP 5.Deploy.0 = Production|PHP 5
		{B2B35FEA-E262-49B2-83D8-72F5A0C945C3}.Production|PHP 5.3.ActiveCfg = Production|PHP 5.2
		{B2B35FEA-E262-49B2-83D8-72F5A0C945C3}.Production|Win32.ActiveCfg = Production|PHP 5
		{B2B35FEA-E262-49B2-83D8-72F5A0C945C3}.Release|Any CPU.ActiveCfg = Production|PHP 5
		{B2B35FEA-E262-49B2-83D8-72F5A0C945C3}.Release|Mixed Platforms.ActiveCfg = Production|PHP 5
		{B2B35FEA-E262-49B2-83D8-72F5A0C945C3}.Release|Mixed Platforms.Deploy.0 = Production|PHP 5
		{B2B35FEA-E262-49B2-83D8-72F5A0C945C3}.Release|PHP 5.ActiveCfg = Production|PHP 5
		{B2B35FEA-E262-49B2-83D8-72F5A0C945C3}.Release|PHP 5.Deploy.0 = Production|PHP 5
		{B2B35FEA-E262-49B2-83D8-72F5A0C945C3}.Release|PHP 5.3.ActiveCfg = Staging|PHP 5
		{B2B35FEA-E262-49B2-83D8-72F5A0C945C3}.Release|Win32.ActiveCfg = Production|PHP 5
		{B2B35FEA-E262-49B2-83D8-72F5A0C945C3}.Staging|Any CPU.ActiveCfg = Staging|PHP 5
		{B2B35FEA-E262-49B2-83D8-72F5A0C945C3}.Staging|Mixed Platforms.ActiveCfg = Staging|PHP 5
		{B2B35FEA-E262-49B2-83D8-72F5A0C945C3}.Staging|Mixed Platforms.Deploy.0 = Staging|PHP 5
		{B2B35FEA-E262-49B2-83D8-72F5A0C945C3}.Staging|PHP 5.ActiveCfg = Staging|PHP 5
		{B2B35FEA-E262-49B2-83D8-72F5A0C945C3}.Staging|PHP 5.Deploy.0 = Staging|PHP 5
		{B2B35FEA-E262-49B2-83D8-72F5A0C945C3}.Staging|PHP 5.3.ActiveCfg = Staging|PHP 5.2
		{B2B35FEA-E262-49B2-83D8-72F5A0C945C3}.Staging|Win32.ActiveCfg = Staging|PHP 5
		{9CE4CA89-8716-4115-8FC8-4FCCD63C051B}.Debug|Any CPU.ActiveCfg = Production|PHP 5.3
		{9CE4CA89-8716-4115-8FC8-4FCCD63C051B}.Debug|Mixed Platforms.ActiveCfg = Production|PHP 5.3
		{9CE4CA89-8716-4115-8FC8-4FCCD63C051B}.Debug|Mixed Platforms.Deploy.0 = Production|PHP 5.3
		{9CE4CA89-8716-4115-8FC8-4FCCD63C051B}.Debug|PHP 5.ActiveCfg = Production|PHP 5.3
		{9CE4CA89-8716-4115-8FC8-4FCCD63C051B}.Debug|PHP 5.3.ActiveCfg = Production|PHP 5.3
		{9CE4CA89-8716-4115-8FC8-4FCCD63C051B}.Debug|PHP 5.3.Deploy.0 = Production|PHP 5.3
		{9CE4CA89-8716-4115-8FC8-4FCCD63C051B}.Debug|Win32.ActiveCfg = Production|PHP 5.3
		{9CE4CA89-8716-4115-8FC8-4FCCD63C051B}.Local|Any CPU.ActiveCfg = Local|PHP 5.3
		{9CE4CA89-8716-4115-8FC8-4FCCD63C051B}.Local|Mixed Platforms.ActiveCfg = Local|PHP 5.3
		{9CE4CA89-8716-4115-8FC8-4FCCD63C051B}.Local|Mixed Platforms.Deploy.0 = Local|PHP 5.3
		{9CE4CA89-8716-4115-8FC8-4FCCD63C051B}.Local|PHP 5.ActiveCfg = Local|PHP 5.3
		{9CE4CA89-8716-4115-8FC8-4FCCD63C051B}.Local|PHP 5.3.ActiveCfg = Local|PHP 5.3
		{9CE4CA89-8716-4115-8FC8-4FCCD63C051B}.Local|PHP 5.3.Deploy.0 = Local|PHP 5.3
		{9CE4CA89-8716-4115-8FC8-4FCCD63C051B}.Local|Win32.ActiveCfg = Local|PHP 5.3
		{9CE4CA89-8716-4115-8FC8-4FCCD63C051B}.Production|Any CPU.ActiveCfg = Production|PHP 5.3
		{9CE4CA89-8716-4115-8FC8-4FCCD63C051B}.Production|Mixed Platforms.ActiveCfg = Production|PHP 5.3
		{9CE4CA89-8716-4115-8FC8-4FCCD63C051B}.Production|Mixed Platforms.Deploy.0 = Production|PHP 5.3
		{9CE4CA89-8716-4115-8FC8-4FCCD63C051B}.Production|PHP 5.ActiveCfg = Production|PHP 5.3
		{9CE4CA89-8716-4115-8FC8-4FCCD63C051B}.Production|PHP 5.3.ActiveCfg = Production|PHP 5.3
		{9CE4CA89-8716-4115-8FC8-4FCCD63C051B}.Production|PHP 5.3.Deploy.0 = Production|PHP 5.3
		{9CE4CA89-8716-4115-8FC8-4FCCD63C051B}.Production|Win32.ActiveCfg = Production|PHP 5.3
		{9CE4CA89-8716-4115-8FC8-4FCCD63C051B}.Release|Any CPU.ActiveCfg = Production|PHP 5.3
		{9CE4CA89-8716-4115-8FC8-4FCCD63C051B}.Release|Mixed Platforms.ActiveCfg = Production|PHP 5.3
		{9CE4CA89-8716-4115-8FC8-4FCCD63C051B}.Release|Mixed Platforms.Deploy.0 = Production|PHP 5.3
		{9CE4CA89-8716-4115-8FC8-4FCCD63C051B}.Release|PHP 5.ActiveCfg = Production|PHP 5.3
		{9CE4CA89-8716-4115-8FC8-4FCCD63C051B}.Release|PHP 5.3.ActiveCfg = Production|PHP 5.3
		{9CE4CA89-8716-4115-8FC8-4FCCD63C051B}.Release|PHP 5.3.Deploy.0 = Production|PHP 5.3
		{9CE4CA89-8716-4115-8FC8-4FCCD63C051B}.Release|Win32.ActiveCfg = Production|PHP 5.3
		{9CE4CA89-8716-4115-8FC8-4FCCD63C051B}.Staging|Any CPU.ActiveCfg = Staging|PHP 5.3
		{9CE4CA89-8716-4115-8FC8-4FCCD63C051B}.Staging|Mixed Platforms.ActiveCfg = Staging|PHP 5.3
		{9CE4CA89-8716-4115-8FC8-4FCCD63C051B}.Staging|Mixed Platforms.Deploy.0 = Staging|PHP 5.3
		{9CE4CA89-8716-4115-8FC8-4FCCD63C051B}.Staging|PHP 5.ActiveCfg = Staging|PHP 5.3
		{9CE4CA89-8716-4115-8FC8-4FCCD63C051B}.Staging|PHP 5.3.ActiveCfg = Staging|PHP 5.3
		{9CE4CA89-8716-4115-8FC8-4FCCD63C051B}.Staging|PHP 5.3.Deploy.0 = Staging|PHP 5.3
		{9CE4CA89-8716-4115-8FC8-4FCCD63C051B}.Staging|Win32.ActiveCfg = Staging|PHP 5.3
		{81C7860C-1B52-4CE4-B1A5-6BB1DF12DEBE}.Debug|Any CPU.ActiveCfg = Debug|Any CPU
		{81C7860C-1B52-4CE4-B1A5-6BB1DF12DEBE}.Debug|Any CPU.Build.0 = Debug|Any CPU
		{81C7860C-1B52-4CE4-B1A5-6BB1DF12DEBE}.Debug|Mixed Platforms.ActiveCfg = Debug|Any CPU
		{81C7860C-1B52-4CE4-B1A5-6BB1DF12DEBE}.Debug|Mixed Platforms.Build.0 = Debug|Any CPU
		{81C7860C-1B52-4CE4-B1A5-6BB1DF12DEBE}.Debug|PHP 5.ActiveCfg = Debug|Any CPU
		{81C7860C-1B52-4CE4-B1A5-6BB1DF12DEBE}.Debug|PHP 5.3.ActiveCfg = Debug|Any CPU
		{81C7860C-1B52-4CE4-B1A5-6BB1DF12DEBE}.Debug|Win32.ActiveCfg = Debug|Any CPU
		{81C7860C-1B52-4CE4-B1A5-6BB1DF12DEBE}.Local|Any CPU.ActiveCfg = Release|Any CPU
		{81C7860C-1B52-4CE4-B1A5-6BB1DF12DEBE}.Local|Any CPU.Build.0 = Release|Any CPU
		{81C7860C-1B52-4CE4-B1A5-6BB1DF12DEBE}.Local|Mixed Platforms.ActiveCfg = Release|Any CPU
		{81C7860C-1B52-4CE4-B1A5-6BB1DF12DEBE}.Local|Mixed Platforms.Build.0 = Release|Any CPU
		{81C7860C-1B52-4CE4-B1A5-6BB1DF12DEBE}.Local|PHP 5.ActiveCfg = Release|Any CPU
		{81C7860C-1B52-4CE4-B1A5-6BB1DF12DEBE}.Local|PHP 5.3.ActiveCfg = Release|Any CPU
		{81C7860C-1B52-4CE4-B1A5-6BB1DF12DEBE}.Local|Win32.ActiveCfg = Release|Any CPU
		{81C7860C-1B52-4CE4-B1A5-6BB1DF12DEBE}.Production|Any CPU.ActiveCfg = Release|Any CPU
		{81C7860C-1B52-4CE4-B1A5-6BB1DF12DEBE}.Production|Any CPU.Build.0 = Release|Any CPU
		{81C7860C-1B52-4CE4-B1A5-6BB1DF12DEBE}.Production|Mixed Platforms.ActiveCfg = Release|Any CPU
		{81C7860C-1B52-4CE4-B1A5-6BB1DF12DEBE}.Production|Mixed Platforms.Build.0 = Release|Any CPU
		{81C7860C-1B52-4CE4-B1A5-6BB1DF12DEBE}.Production|PHP 5.ActiveCfg = Release|Any CPU
		{81C7860C-1B52-4CE4-B1A5-6BB1DF12DEBE}.Production|PHP 5.3.ActiveCfg = Release|Any CPU
		{81C7860C-1B52-4CE4-B1A5-6BB1DF12DEBE}.Production|Win32.ActiveCfg = Release|Any CPU
		{81C7860C-1B52-4CE4-B1A5-6BB1DF12DEBE}.Release|Any CPU.ActiveCfg = Release|Any CPU
		{81C7860C-1B52-4CE4-B1A5-6BB1DF12DEBE}.Release|Any CPU.Build.0 = Release|Any CPU
		{81C7860C-1B52-4CE4-B1A5-6BB1DF12DEBE}.Release|Mixed Platforms.ActiveCfg = Release|Any CPU
		{81C7860C-1B52-4CE4-B1A5-6BB1DF12DEBE}.Release|Mixed Platforms.Build.0 = Release|Any CPU
		{81C7860C-1B52-4CE4-B1A5-6BB1DF12DEBE}.Release|PHP 5.ActiveCfg = Release|Any CPU
		{81C7860C-1B52-4CE4-B1A5-6BB1DF12DEBE}.Release|PHP 5.3.ActiveCfg = Release|Any CPU
		{81C7860C-1B52-4CE4-B1A5-6BB1DF12DEBE}.Release|Win32.ActiveCfg = Release|Any CPU
		{81C7860C-1B52-4CE4-B1A5-6BB1DF12DEBE}.Staging|Any CPU.ActiveCfg = Release|Any CPU
		{81C7860C-1B52-4CE4-B1A5-6BB1DF12DEBE}.Staging|Any CPU.Build.0 = Release|Any CPU
		{81C7860C-1B52-4CE4-B1A5-6BB1DF12DEBE}.Staging|Mixed Platforms.ActiveCfg = Release|Any CPU
		{81C7860C-1B52-4CE4-B1A5-6BB1DF12DEBE}.Staging|Mixed Platforms.Build.0 = Release|Any CPU
		{81C7860C-1B52-4CE4-B1A5-6BB1DF12DEBE}.Staging|PHP 5.ActiveCfg = Release|Any CPU
		{81C7860C-1B52-4CE4-B1A5-6BB1DF12DEBE}.Staging|PHP 5.3.ActiveCfg = Release|Any CPU
		{81C7860C-1B52-4CE4-B1A5-6BB1DF12DEBE}.Staging|Win32.ActiveCfg = Release|Any CPU
		{65540438-156B-4973-A8D7-4DEF4A8C76A8}.Debug|Any CPU.ActiveCfg = Production|PHP 5.3
		{65540438-156B-4973-A8D7-4DEF4A8C76A8}.Debug|Mixed Platforms.ActiveCfg = Production|PHP 5.3
		{65540438-156B-4973-A8D7-4DEF4A8C76A8}.Debug|Mixed Platforms.Deploy.0 = Production|PHP 5.3
		{65540438-156B-4973-A8D7-4DEF4A8C76A8}.Debug|PHP 5.ActiveCfg = Production|PHP 5.3
		{65540438-156B-4973-A8D7-4DEF4A8C76A8}.Debug|PHP 5.3.ActiveCfg = Production|PHP 5.3
		{65540438-156B-4973-A8D7-4DEF4A8C76A8}.Debug|PHP 5.3.Deploy.0 = Production|PHP 5.3
		{65540438-156B-4973-A8D7-4DEF4A8C76A8}.Debug|Win32.ActiveCfg = Production|PHP 5.3
		{65540438-156B-4973-A8D7-4DEF4A8C76A8}.Local|Any CPU.ActiveCfg = Local|PHP 5.3
		{65540438-156B-4973-A8D7-4DEF4A8C76A8}.Local|Mixed Platforms.ActiveCfg = Local|PHP 5.3
		{65540438-156B-4973-A8D7-4DEF4A8C76A8}.Local|Mixed Platforms.Deploy.0 = Local|PHP 5.3
		{65540438-156B-4973-A8D7-4DEF4A8C76A8}.Local|PHP 5.ActiveCfg = Local|PHP 5.3
		{65540438-156B-4973-A8D7-4DEF4A8C76A8}.Local|PHP 5.3.ActiveCfg = Local|PHP 5.3
		{65540438-156B-4973-A8D7-4DEF4A8C76A8}.Local|PHP 5.3.Deploy.0 = Local|PHP 5.3
		{65540438-156B-4973-A8D7-4DEF4A8C76A8}.Local|Win32.ActiveCfg = Local|PHP 5.3
		{65540438-156B-4973-A8D7-4DEF4A8C76A8}.Production|Any CPU.ActiveCfg = Production|PHP 5.3
		{65540438-156B-4973-A8D7-4DEF4A8C76A8}.Production|Mixed Platforms.ActiveCfg = Production|PHP 5.3
		{65540438-156B-4973-A8D7-4DEF4A8C76A8}.Production|Mixed Platforms.Deploy.0 = Production|PHP 5.3
		{65540438-156B-4973-A8D7-4DEF4A8C76A8}.Production|PHP 5.ActiveCfg = Production|PHP 5.3
		{65540438-156B-4973-A8D7-4DEF4A8C76A8}.Production|PHP 5.3.ActiveCfg = Production|PHP 5.3
		{65540438-156B-4973-A8D7-4DEF4A8C76A8}.Production|PHP 5.3.Deploy.0 = Production|PHP 5.3
		{65540438-156B-4973-A8D7-4DEF4A8C76A8}.Production|Win32.ActiveCfg = Production|PHP 5.3
		{65540438-156B-4973-A8D7-4DEF4A8C76A8}.Release|Any CPU.ActiveCfg = Production|PHP 5.3
		{65540438-156B-4973-A8D7-4DEF4A8C76A8}.Release|Mixed Platforms.ActiveCfg = Production|PHP 5.3
		{65540438-156B-4973-A8D7-4DEF4A8C76A8}.Release|Mixed Platforms.Deploy.0 = Production|PHP 5.3
		{65540438-156B-4973-A8D7-4DEF4A8C76A8}.Release|PHP 5.ActiveCfg = Production|PHP 5.3
		{65540438-156B-4973-A8D7-4DEF4A8C76A8}.Release|PHP 5.3.ActiveCfg = Production|PHP 5.3
		{65540438-156B-4973-A8D7-4DEF4A8C76A8}.Release|PHP 5.3.Deploy.0 = Production|PHP 5.3
		{65540438-156B-4973-A8D7-4DEF4A8C76A8}.Release|Win32.ActiveCfg = Production|PHP 5.3
		{65540438-156B-4973-A8D7-4DEF4A8C76A8}.Staging|Any CPU.ActiveCfg = Staging|PHP 5.3
		{65540438-156B-4973-A8D7-4DEF4A8C76A8}.Staging|Mixed Platforms.ActiveCfg = Staging|PHP 5.3
		{65540438-156B-4973-A8D7-4DEF4A8C76A8}.Staging|Mixed Platforms.Deploy.0 = Staging|PHP 5.3
		{65540438-156B-4973-A8D7-4DEF4A8C76A8}.Staging|PHP 5.ActiveCfg = Staging|PHP 5.3
		{65540438-156B-4973-A8D7-4DEF4A8C76A8}.Staging|PHP 5.3.ActiveCfg = Staging|PHP 5.3
		{65540438-156B-4973-A8D7-4DEF4A8C76A8}.Staging|PHP 5.3.Deploy.0 = Staging|PHP 5.3
		{65540438-156B-4973-A8D7-4DEF4A8C76A8}.Staging|Win32.ActiveCfg = Staging|PHP 5.3
	EndGlobalSection
	GlobalSection(SolutionProperties) = preSolution
		HideSolutionNode = FALSE
	EndGlobalSection
	GlobalSection(ExtensibilityGlobals) = postSolution
		VisualSVNWorkingCopyRoot = .
	EndGlobalSection
EndGlobal
